// !$*UTF8*$!
{
	archiveVersion = 1;
	classes = {
	};
	objectVersion = 46;
	objects = {

/* Begin PBXBuildFile section */
		010A80C91E615E0300290899 /* SearchViewController.swift in Sources */ = {isa = PBXBuildFile; fileRef = 010A80C81E615E0300290899 /* SearchViewController.swift */; };
		010A80CB1E615E3000290899 /* SearchViewModel.swift in Sources */ = {isa = PBXBuildFile; fileRef = 010A80CA1E615E3000290899 /* SearchViewModel.swift */; };
		010A80D01E616C5300290899 /* SearchListenerCollectionViewCell.xib in Resources */ = {isa = PBXBuildFile; fileRef = 010A80CF1E616C5300290899 /* SearchListenerCollectionViewCell.xib */; };
		010A80D21E616C8A00290899 /* SearchListenerCollectionViewCell.swift in Sources */ = {isa = PBXBuildFile; fileRef = 010A80D11E616C8A00290899 /* SearchListenerCollectionViewCell.swift */; };
		019EDD961E6155E3001C382F /* Track.swift in Sources */ = {isa = PBXBuildFile; fileRef = 019EDD951E6155E3001C382F /* Track.swift */; };
		01F914611E613141001BA236 /* AppDelegate.swift in Sources */ = {isa = PBXBuildFile; fileRef = 01F914601E613141001BA236 /* AppDelegate.swift */; };
		01F914661E613141001BA236 /* Main.storyboard in Resources */ = {isa = PBXBuildFile; fileRef = 01F914641E613141001BA236 /* Main.storyboard */; };
		01F914681E613141001BA236 /* Assets.xcassets in Resources */ = {isa = PBXBuildFile; fileRef = 01F914671E613141001BA236 /* Assets.xcassets */; };
		01F9146B1E613141001BA236 /* LaunchScreen.storyboard in Resources */ = {isa = PBXBuildFile; fileRef = 01F914691E613141001BA236 /* LaunchScreen.storyboard */; };
		01F9147E1E61320F001BA236 /* RadioNavigationTableViewCell.xib in Resources */ = {isa = PBXBuildFile; fileRef = 01F9147D1E61320F001BA236 /* RadioNavigationTableViewCell.xib */; };
		01F914801E613223001BA236 /* RadioNavigationTableViewCell.swift in Sources */ = {isa = PBXBuildFile; fileRef = 01F9147F1E613223001BA236 /* RadioNavigationTableViewCell.swift */; };
		01F914821E613280001BA236 /* RadioTrackTableViewCell.xib in Resources */ = {isa = PBXBuildFile; fileRef = 01F914811E613280001BA236 /* RadioTrackTableViewCell.xib */; };
		01F914841E613290001BA236 /* RadioTrackTableViewCell.swift in Sources */ = {isa = PBXBuildFile; fileRef = 01F914831E613290001BA236 /* RadioTrackTableViewCell.swift */; };
		01F914861E6132D8001BA236 /* RadioControlsTableViewCell.xib in Resources */ = {isa = PBXBuildFile; fileRef = 01F914851E6132D8001BA236 /* RadioControlsTableViewCell.xib */; };
		01F914881E6132EA001BA236 /* RadioControlsTableViewCell.swift in Sources */ = {isa = PBXBuildFile; fileRef = 01F914871E6132EA001BA236 /* RadioControlsTableViewCell.swift */; };
		01F9148A1E61331E001BA236 /* RadioViewController.swift in Sources */ = {isa = PBXBuildFile; fileRef = 01F914891E61331E001BA236 /* RadioViewController.swift */; };
		01F9148C1E613326001BA236 /* RadioViewModel.swift in Sources */ = {isa = PBXBuildFile; fileRef = 01F9148B1E613326001BA236 /* RadioViewModel.swift */; };
		01F9148E1E613494001BA236 /* UIView+AutoLayout.swift in Sources */ = {isa = PBXBuildFile; fileRef = 01F9148D1E613494001BA236 /* UIView+AutoLayout.swift */; };
		01F914901E6134B1001BA236 /* UIResponder+Utilities.swift in Sources */ = {isa = PBXBuildFile; fileRef = 01F9148F1E6134B1001BA236 /* UIResponder+Utilities.swift */; };
		8851430F84C430FE942A5C1A /* Pods_ListenLive.framework in Frameworks */ = {isa = PBXBuildFile; fileRef = A61A772A367D55067E6C9B29 /* Pods_ListenLive.framework */; };
		D33CEAA51E614D6400B8D0EE /* SignInViewController.swift in Sources */ = {isa = PBXBuildFile; fileRef = D33CEAA41E614D6400B8D0EE /* SignInViewController.swift */; };
		D33CEAA71E614DA200B8D0EE /* SignInViewModel.swift in Sources */ = {isa = PBXBuildFile; fileRef = D33CEAA61E614DA200B8D0EE /* SignInViewModel.swift */; };
		D33CEAA91E61517900B8D0EE /* YouTubeRouter.swift in Sources */ = {isa = PBXBuildFile; fileRef = D33CEAA81E61517900B8D0EE /* YouTubeRouter.swift */; };
		D33CEAAB1E61525200B8D0EE /* Constants.swift in Sources */ = {isa = PBXBuildFile; fileRef = D33CEAAA1E61525200B8D0EE /* Constants.swift */; };
		D33CEAAD1E61571800B8D0EE /* String+ToInt.swift in Sources */ = {isa = PBXBuildFile; fileRef = D33CEAAC1E61571800B8D0EE /* String+ToInt.swift */; };
		D33CEAAF1E61578100B8D0EE /* Double+Format.swift in Sources */ = {isa = PBXBuildFile; fileRef = D33CEAAE1E61578100B8D0EE /* Double+Format.swift */; };
		D3EA5F681E614978002C657F /* GoogleService-Info.plist in Resources */ = {isa = PBXBuildFile; fileRef = D3EA5F671E614978002C657F /* GoogleService-Info.plist */; };
/* End PBXBuildFile section */

/* Begin PBXFileReference section */
		010A80C81E615E0300290899 /* SearchViewController.swift */ = {isa = PBXFileReference; fileEncoding = 4; lastKnownFileType = sourcecode.swift; path = SearchViewController.swift; sourceTree = "<group>"; };
		010A80CA1E615E3000290899 /* SearchViewModel.swift */ = {isa = PBXFileReference; fileEncoding = 4; lastKnownFileType = sourcecode.swift; path = SearchViewModel.swift; sourceTree = "<group>"; };
		010A80CF1E616C5300290899 /* SearchListenerCollectionViewCell.xib */ = {isa = PBXFileReference; fileEncoding = 4; lastKnownFileType = file.xib; path = SearchListenerCollectionViewCell.xib; sourceTree = "<group>"; };
		010A80D11E616C8A00290899 /* SearchListenerCollectionViewCell.swift */ = {isa = PBXFileReference; fileEncoding = 4; lastKnownFileType = sourcecode.swift; path = SearchListenerCollectionViewCell.swift; sourceTree = "<group>"; };
		019EDD951E6155E3001C382F /* Track.swift */ = {isa = PBXFileReference; fileEncoding = 4; lastKnownFileType = sourcecode.swift; path = Track.swift; sourceTree = "<group>"; };
		01F9145D1E613141001BA236 /* ListenLive.app */ = {isa = PBXFileReference; explicitFileType = wrapper.application; includeInIndex = 0; path = ListenLive.app; sourceTree = BUILT_PRODUCTS_DIR; };
		01F914601E613141001BA236 /* AppDelegate.swift */ = {isa = PBXFileReference; lastKnownFileType = sourcecode.swift; path = AppDelegate.swift; sourceTree = "<group>"; };
		01F914651E613141001BA236 /* Base */ = {isa = PBXFileReference; lastKnownFileType = file.storyboard; name = Base; path = Base.lproj/Main.storyboard; sourceTree = "<group>"; };
		01F914671E613141001BA236 /* Assets.xcassets */ = {isa = PBXFileReference; lastKnownFileType = folder.assetcatalog; path = Assets.xcassets; sourceTree = "<group>"; };
		01F9146A1E613141001BA236 /* Base */ = {isa = PBXFileReference; lastKnownFileType = file.storyboard; name = Base; path = Base.lproj/LaunchScreen.storyboard; sourceTree = "<group>"; };
		01F9146C1E613141001BA236 /* Info.plist */ = {isa = PBXFileReference; lastKnownFileType = text.plist.xml; path = Info.plist; sourceTree = "<group>"; };
		01F9147D1E61320F001BA236 /* RadioNavigationTableViewCell.xib */ = {isa = PBXFileReference; fileEncoding = 4; lastKnownFileType = file.xib; path = RadioNavigationTableViewCell.xib; sourceTree = "<group>"; };
		01F9147F1E613223001BA236 /* RadioNavigationTableViewCell.swift */ = {isa = PBXFileReference; fileEncoding = 4; lastKnownFileType = sourcecode.swift; path = RadioNavigationTableViewCell.swift; sourceTree = "<group>"; };
		01F914811E613280001BA236 /* RadioTrackTableViewCell.xib */ = {isa = PBXFileReference; fileEncoding = 4; lastKnownFileType = file.xib; path = RadioTrackTableViewCell.xib; sourceTree = "<group>"; };
		01F914831E613290001BA236 /* RadioTrackTableViewCell.swift */ = {isa = PBXFileReference; fileEncoding = 4; lastKnownFileType = sourcecode.swift; path = RadioTrackTableViewCell.swift; sourceTree = "<group>"; };
		01F914851E6132D8001BA236 /* RadioControlsTableViewCell.xib */ = {isa = PBXFileReference; fileEncoding = 4; lastKnownFileType = file.xib; path = RadioControlsTableViewCell.xib; sourceTree = "<group>"; };
		01F914871E6132EA001BA236 /* RadioControlsTableViewCell.swift */ = {isa = PBXFileReference; fileEncoding = 4; lastKnownFileType = sourcecode.swift; path = RadioControlsTableViewCell.swift; sourceTree = "<group>"; };
		01F914891E61331E001BA236 /* RadioViewController.swift */ = {isa = PBXFileReference; fileEncoding = 4; lastKnownFileType = sourcecode.swift; path = RadioViewController.swift; sourceTree = "<group>"; };
		01F9148B1E613326001BA236 /* RadioViewModel.swift */ = {isa = PBXFileReference; fileEncoding = 4; lastKnownFileType = sourcecode.swift; path = RadioViewModel.swift; sourceTree = "<group>"; };
		01F9148D1E613494001BA236 /* UIView+AutoLayout.swift */ = {isa = PBXFileReference; fileEncoding = 4; lastKnownFileType = sourcecode.swift; path = "UIView+AutoLayout.swift"; sourceTree = "<group>"; };
		01F9148F1E6134B1001BA236 /* UIResponder+Utilities.swift */ = {isa = PBXFileReference; fileEncoding = 4; lastKnownFileType = sourcecode.swift; path = "UIResponder+Utilities.swift"; sourceTree = "<group>"; };
		5B545ED6FC361731C05B54B9 /* Pods-ListenLive.debug.xcconfig */ = {isa = PBXFileReference; includeInIndex = 1; lastKnownFileType = text.xcconfig; name = "Pods-ListenLive.debug.xcconfig"; path = "Pods/Target Support Files/Pods-ListenLive/Pods-ListenLive.debug.xcconfig"; sourceTree = "<group>"; };
		A61A772A367D55067E6C9B29 /* Pods_ListenLive.framework */ = {isa = PBXFileReference; explicitFileType = wrapper.framework; includeInIndex = 0; path = Pods_ListenLive.framework; sourceTree = BUILT_PRODUCTS_DIR; };
		D33CEAA41E614D6400B8D0EE /* SignInViewController.swift */ = {isa = PBXFileReference; fileEncoding = 4; lastKnownFileType = sourcecode.swift; path = SignInViewController.swift; sourceTree = "<group>"; };
		D33CEAA61E614DA200B8D0EE /* SignInViewModel.swift */ = {isa = PBXFileReference; fileEncoding = 4; lastKnownFileType = sourcecode.swift; path = SignInViewModel.swift; sourceTree = "<group>"; };
		D33CEAA81E61517900B8D0EE /* YouTubeRouter.swift */ = {isa = PBXFileReference; fileEncoding = 4; lastKnownFileType = sourcecode.swift; path = YouTubeRouter.swift; sourceTree = "<group>"; };
		D33CEAAA1E61525200B8D0EE /* Constants.swift */ = {isa = PBXFileReference; fileEncoding = 4; lastKnownFileType = sourcecode.swift; path = Constants.swift; sourceTree = "<group>"; };
		D33CEAAC1E61571800B8D0EE /* String+ToInt.swift */ = {isa = PBXFileReference; fileEncoding = 4; lastKnownFileType = sourcecode.swift; path = "String+ToInt.swift"; sourceTree = "<group>"; };
		D33CEAAE1E61578100B8D0EE /* Double+Format.swift */ = {isa = PBXFileReference; fileEncoding = 4; lastKnownFileType = sourcecode.swift; path = "Double+Format.swift"; sourceTree = "<group>"; };
		D3EA5F671E614978002C657F /* GoogleService-Info.plist */ = {isa = PBXFileReference; fileEncoding = 4; lastKnownFileType = text.plist.xml; path = "GoogleService-Info.plist"; sourceTree = "<group>"; };
		E77F0675EBAEBB83E6367EE3 /* Pods-ListenLive.release.xcconfig */ = {isa = PBXFileReference; includeInIndex = 1; lastKnownFileType = text.xcconfig; name = "Pods-ListenLive.release.xcconfig"; path = "Pods/Target Support Files/Pods-ListenLive/Pods-ListenLive.release.xcconfig"; sourceTree = "<group>"; };
/* End PBXFileReference section */

/* Begin PBXFrameworksBuildPhase section */
		01F9145A1E613141001BA236 /* Frameworks */ = {
			isa = PBXFrameworksBuildPhase;
			buildActionMask = 2147483647;
			files = (
				8851430F84C430FE942A5C1A /* Pods_ListenLive.framework in Frameworks */,
			);
			runOnlyForDeploymentPostprocessing = 0;
		};
/* End PBXFrameworksBuildPhase section */

/* Begin PBXGroup section */
		01F914541E613141001BA236 = {
			isa = PBXGroup;
			children = (
				01F9145F1E613141001BA236 /* ListenLive */,
				01F9145E1E613141001BA236 /* Products */,
				60182E3377E44130D1904B25 /* Pods */,
				AA510D10F1985B597B8C7494 /* Frameworks */,
			);
			sourceTree = "<group>";
		};
		01F9145E1E613141001BA236 /* Products */ = {
			isa = PBXGroup;
			children = (
				01F9145D1E613141001BA236 /* ListenLive.app */,
			);
			name = Products;
			sourceTree = "<group>";
		};
		01F9145F1E613141001BA236 /* ListenLive */ = {
			isa = PBXGroup;
			children = (
				01F9147B1E6131E3001BA236 /* Networking */,
				01F9147C1E6131E3001BA236 /* Services */,
				01F914761E6131A1001BA236 /* Models */,
				01F9147A1E6131A1001BA236 /* Views */,
				01F914791E6131A1001BA236 /* ViewModels */,
				01F914741E6131A1001BA236 /* Controllers */,
				01F914781E6131A1001BA236 /* Utilities */,
				01F914751E6131A1001BA236 /* Extensions */,
				01F914771E6131A1001BA236 /* Storyboards */,
				01F914601E613141001BA236 /* AppDelegate.swift */,
				D3EA5F671E614978002C657F /* GoogleService-Info.plist */,
				01F914671E613141001BA236 /* Assets.xcassets */,
				01F9146C1E613141001BA236 /* Info.plist */,
			);
			path = ListenLive;
			sourceTree = "<group>";
		};
		01F914741E6131A1001BA236 /* Controllers */ = {
			isa = PBXGroup;
			children = (
				010A80C81E615E0300290899 /* SearchViewController.swift */,
				01F914891E61331E001BA236 /* RadioViewController.swift */,
				D33CEAA41E614D6400B8D0EE /* SignInViewController.swift */,
			);
			path = Controllers;
			sourceTree = "<group>";
		};
		01F914751E6131A1001BA236 /* Extensions */ = {
			isa = PBXGroup;
			children = (
				01F9148D1E613494001BA236 /* UIView+AutoLayout.swift */,
				01F9148F1E6134B1001BA236 /* UIResponder+Utilities.swift */,
				D33CEAAC1E61571800B8D0EE /* String+ToInt.swift */,
				D33CEAAE1E61578100B8D0EE /* Double+Format.swift */,
			);
			path = Extensions;
			sourceTree = "<group>";
		};
		01F914761E6131A1001BA236 /* Models */ = {
			isa = PBXGroup;
			children = (
				019EDD951E6155E3001C382F /* Track.swift */,
			);
			path = Models;
			sourceTree = "<group>";
		};
		01F914771E6131A1001BA236 /* Storyboards */ = {
			isa = PBXGroup;
			children = (
				01F914691E613141001BA236 /* LaunchScreen.storyboard */,
				01F914641E613141001BA236 /* Main.storyboard */,
			);
			path = Storyboards;
			sourceTree = "<group>";
		};
		01F914781E6131A1001BA236 /* Utilities */ = {
			isa = PBXGroup;
			children = (
			);
			path = Utilities;
			sourceTree = "<group>";
		};
		01F914791E6131A1001BA236 /* ViewModels */ = {
			isa = PBXGroup;
			children = (
				010A80CA1E615E3000290899 /* SearchViewModel.swift */,
				01F9148B1E613326001BA236 /* RadioViewModel.swift */,
				D33CEAA61E614DA200B8D0EE /* SignInViewModel.swift */,
			);
			path = ViewModels;
			sourceTree = "<group>";
		};
		01F9147A1E6131A1001BA236 /* Views */ = {
			isa = PBXGroup;
			children = (
				010A80D11E616C8A00290899 /* SearchListenerCollectionViewCell.swift */,
				010A80CF1E616C5300290899 /* SearchListenerCollectionViewCell.xib */,
				01F9147F1E613223001BA236 /* RadioNavigationTableViewCell.swift */,
				01F9147D1E61320F001BA236 /* RadioNavigationTableViewCell.xib */,
				01F914871E6132EA001BA236 /* RadioControlsTableViewCell.swift */,
				01F914851E6132D8001BA236 /* RadioControlsTableViewCell.xib */,
				01F914831E613290001BA236 /* RadioTrackTableViewCell.swift */,
				01F914811E613280001BA236 /* RadioTrackTableViewCell.xib */,
			);
			path = Views;
			sourceTree = "<group>";
		};
		01F9147B1E6131E3001BA236 /* Networking */ = {
			isa = PBXGroup;
			children = (
				D33CEAA81E61517900B8D0EE /* YouTubeRouter.swift */,
				D33CEAAA1E61525200B8D0EE /* Constants.swift */,
			);
			path = Networking;
			sourceTree = "<group>";
		};
		01F9147C1E6131E3001BA236 /* Services */ = {
			isa = PBXGroup;
			children = (
			);
			path = Services;
			sourceTree = "<group>";
		};
		60182E3377E44130D1904B25 /* Pods */ = {
			isa = PBXGroup;
			children = (
				5B545ED6FC361731C05B54B9 /* Pods-ListenLive.debug.xcconfig */,
				E77F0675EBAEBB83E6367EE3 /* Pods-ListenLive.release.xcconfig */,
			);
			name = Pods;
			sourceTree = "<group>";
		};
		AA510D10F1985B597B8C7494 /* Frameworks */ = {
			isa = PBXGroup;
			children = (
				A61A772A367D55067E6C9B29 /* Pods_ListenLive.framework */,
			);
			name = Frameworks;
			sourceTree = "<group>";
		};
/* End PBXGroup section */

/* Begin PBXNativeTarget section */
		01F9145C1E613141001BA236 /* ListenLive */ = {
			isa = PBXNativeTarget;
			buildConfigurationList = 01F9146F1E613141001BA236 /* Build configuration list for PBXNativeTarget "ListenLive" */;
			buildPhases = (
				0A4D08F6E4BB05745E5025E4 /* [CP] Check Pods Manifest.lock */,
				01F914591E613141001BA236 /* Sources */,
				01F9145A1E613141001BA236 /* Frameworks */,
				01F9145B1E613141001BA236 /* Resources */,
				D70B598B138242541505B582 /* [CP] Embed Pods Frameworks */,
				EB0B2AAFCBEAC31885F0BAEB /* [CP] Copy Pods Resources */,
			);
			buildRules = (
			);
			dependencies = (
			);
			name = ListenLive;
			productName = ListenLive;
			productReference = 01F9145D1E613141001BA236 /* ListenLive.app */;
			productType = "com.apple.product-type.application";
		};
/* End PBXNativeTarget section */

/* Begin PBXProject section */
		01F914551E613141001BA236 /* Project object */ = {
			isa = PBXProject;
			attributes = {
				LastSwiftUpdateCheck = 0820;
				LastUpgradeCheck = 0820;
				ORGANIZATIONNAME = "Nicholas Swift";
				TargetAttributes = {
					01F9145C1E613141001BA236 = {
						CreatedOnToolsVersion = 8.2.1;
						DevelopmentTeam = 44VHEK9HHH;
						ProvisioningStyle = Automatic;
					};
				};
			};
			buildConfigurationList = 01F914581E613141001BA236 /* Build configuration list for PBXProject "ListenLive" */;
			compatibilityVersion = "Xcode 3.2";
			developmentRegion = English;
			hasScannedForEncodings = 0;
			knownRegions = (
				en,
				Base,
			);
			mainGroup = 01F914541E613141001BA236;
			productRefGroup = 01F9145E1E613141001BA236 /* Products */;
			projectDirPath = "";
			projectRoot = "";
			targets = (
				01F9145C1E613141001BA236 /* ListenLive */,
			);
		};
/* End PBXProject section */

/* Begin PBXResourcesBuildPhase section */
		01F9145B1E613141001BA236 /* Resources */ = {
			isa = PBXResourcesBuildPhase;
			buildActionMask = 2147483647;
			files = (
				010A80D01E616C5300290899 /* SearchListenerCollectionViewCell.xib in Resources */,
				01F914821E613280001BA236 /* RadioTrackTableViewCell.xib in Resources */,
				01F9146B1E613141001BA236 /* LaunchScreen.storyboard in Resources */,
				01F914681E613141001BA236 /* Assets.xcassets in Resources */,
				D3EA5F681E614978002C657F /* GoogleService-Info.plist in Resources */,
				01F9147E1E61320F001BA236 /* RadioNavigationTableViewCell.xib in Resources */,
				01F914661E613141001BA236 /* Main.storyboard in Resources */,
				01F914861E6132D8001BA236 /* RadioControlsTableViewCell.xib in Resources */,
			);
			runOnlyForDeploymentPostprocessing = 0;
		};
/* End PBXResourcesBuildPhase section */

/* Begin PBXShellScriptBuildPhase section */
		0A4D08F6E4BB05745E5025E4 /* [CP] Check Pods Manifest.lock */ = {
			isa = PBXShellScriptBuildPhase;
			buildActionMask = 2147483647;
			files = (
			);
			inputPaths = (
			);
			name = "[CP] Check Pods Manifest.lock";
			outputPaths = (
			);
			runOnlyForDeploymentPostprocessing = 0;
			shellPath = /bin/sh;
			shellScript = "diff \"${PODS_ROOT}/../Podfile.lock\" \"${PODS_ROOT}/Manifest.lock\" > /dev/null\nif [ $? != 0 ] ; then\n    # print error to STDERR\n    echo \"error: The sandbox is not in sync with the Podfile.lock. Run 'pod install' or update your CocoaPods installation.\" >&2\n    exit 1\nfi\n";
			showEnvVarsInLog = 0;
		};
		D70B598B138242541505B582 /* [CP] Embed Pods Frameworks */ = {
			isa = PBXShellScriptBuildPhase;
			buildActionMask = 2147483647;
			files = (
			);
			inputPaths = (
			);
			name = "[CP] Embed Pods Frameworks";
			outputPaths = (
			);
			runOnlyForDeploymentPostprocessing = 0;
			shellPath = /bin/sh;
			shellScript = "\"${SRCROOT}/Pods/Target Support Files/Pods-ListenLive/Pods-ListenLive-frameworks.sh\"\n";
			showEnvVarsInLog = 0;
		};
		EB0B2AAFCBEAC31885F0BAEB /* [CP] Copy Pods Resources */ = {
			isa = PBXShellScriptBuildPhase;
			buildActionMask = 2147483647;
			files = (
			);
			inputPaths = (
			);
			name = "[CP] Copy Pods Resources";
			outputPaths = (
			);
			runOnlyForDeploymentPostprocessing = 0;
			shellPath = /bin/sh;
			shellScript = "\"${SRCROOT}/Pods/Target Support Files/Pods-ListenLive/Pods-ListenLive-resources.sh\"\n";
			showEnvVarsInLog = 0;
		};
/* End PBXShellScriptBuildPhase section */

/* Begin PBXSourcesBuildPhase section */
		01F914591E613141001BA236 /* Sources */ = {
			isa = PBXSourcesBuildPhase;
			buildActionMask = 2147483647;
			files = (
				D33CEAA91E61517900B8D0EE /* YouTubeRouter.swift in Sources */,
				D33CEAAD1E61571800B8D0EE /* String+ToInt.swift in Sources */,
				01F9148C1E613326001BA236 /* RadioViewModel.swift in Sources */,
				010A80C91E615E0300290899 /* SearchViewController.swift in Sources */,
				010A80CB1E615E3000290899 /* SearchViewModel.swift in Sources */,
				01F914611E613141001BA236 /* AppDelegate.swift in Sources */,
				01F9148A1E61331E001BA236 /* RadioViewController.swift in Sources */,
				01F9148E1E613494001BA236 /* UIView+AutoLayout.swift in Sources */,
				D33CEAA71E614DA200B8D0EE /* SignInViewModel.swift in Sources */,
				01F914841E613290001BA236 /* RadioTrackTableViewCell.swift in Sources */,
				010A80D21E616C8A00290899 /* SearchListenerCollectionViewCell.swift in Sources */,
				D33CEAA51E614D6400B8D0EE /* SignInViewController.swift in Sources */,
				D33CEAAF1E61578100B8D0EE /* Double+Format.swift in Sources */,
				01F914901E6134B1001BA236 /* UIResponder+Utilities.swift in Sources */,
				019EDD961E6155E3001C382F /* Track.swift in Sources */,
				01F914881E6132EA001BA236 /* RadioControlsTableViewCell.swift in Sources */,
				01F914801E613223001BA236 /* RadioNavigationTableViewCell.swift in Sources */,
				D33CEAAB1E61525200B8D0EE /* Constants.swift in Sources */,
			);
			runOnlyForDeploymentPostprocessing = 0;
		};
/* End PBXSourcesBuildPhase section */

/* Begin PBXVariantGroup section */
		01F914641E613141001BA236 /* Main.storyboard */ = {
			isa = PBXVariantGroup;
			children = (
				01F914651E613141001BA236 /* Base */,
			);
			name = Main.storyboard;
			path = ..;
			sourceTree = "<group>";
		};
		01F914691E613141001BA236 /* LaunchScreen.storyboard */ = {
			isa = PBXVariantGroup;
			children = (
				01F9146A1E613141001BA236 /* Base */,
			);
			name = LaunchScreen.storyboard;
			path = ..;
			sourceTree = "<group>";
		};
/* End PBXVariantGroup section */

/* Begin XCBuildConfiguration section */
		01F9146D1E613141001BA236 /* Debug */ = {
			isa = XCBuildConfiguration;
			buildSettings = {
				ALWAYS_SEARCH_USER_PATHS = NO;
				CLANG_ANALYZER_NONNULL = YES;
				CLANG_CXX_LANGUAGE_STANDARD = "gnu++0x";
				CLANG_CXX_LIBRARY = "libc++";
				CLANG_ENABLE_MODULES = YES;
				CLANG_ENABLE_OBJC_ARC = YES;
				CLANG_WARN_BOOL_CONVERSION = YES;
				CLANG_WARN_CONSTANT_CONVERSION = YES;
				CLANG_WARN_DIRECT_OBJC_ISA_USAGE = YES_ERROR;
				CLANG_WARN_DOCUMENTATION_COMMENTS = YES;
				CLANG_WARN_EMPTY_BODY = YES;
				CLANG_WARN_ENUM_CONVERSION = YES;
				CLANG_WARN_INFINITE_RECURSION = YES;
				CLANG_WARN_INT_CONVERSION = YES;
				CLANG_WARN_OBJC_ROOT_CLASS = YES_ERROR;
				CLANG_WARN_SUSPICIOUS_MOVE = YES;
				CLANG_WARN_UNREACHABLE_CODE = YES;
				CLANG_WARN__DUPLICATE_METHOD_MATCH = YES;
				"CODE_SIGN_IDENTITY[sdk=iphoneos*]" = "iPhone Developer";
				COPY_PHASE_STRIP = NO;
				DEBUG_INFORMATION_FORMAT = dwarf;
				ENABLE_STRICT_OBJC_MSGSEND = YES;
				ENABLE_TESTABILITY = YES;
				GCC_C_LANGUAGE_STANDARD = gnu99;
				GCC_DYNAMIC_NO_PIC = NO;
				GCC_NO_COMMON_BLOCKS = YES;
				GCC_OPTIMIZATION_LEVEL = 0;
				GCC_PREPROCESSOR_DEFINITIONS = (
					"DEBUG=1",
					"$(inherited)",
				);
				GCC_WARN_64_TO_32_BIT_CONVERSION = YES;
				GCC_WARN_ABOUT_RETURN_TYPE = YES_ERROR;
				GCC_WARN_UNDECLARED_SELECTOR = YES;
				GCC_WARN_UNINITIALIZED_AUTOS = YES_AGGRESSIVE;
				GCC_WARN_UNUSED_FUNCTION = YES;
				GCC_WARN_UNUSED_VARIABLE = YES;
				IPHONEOS_DEPLOYMENT_TARGET = 10.2;
				MTL_ENABLE_DEBUG_INFO = YES;
				ONLY_ACTIVE_ARCH = YES;
				SDKROOT = iphoneos;
				SWIFT_ACTIVE_COMPILATION_CONDITIONS = DEBUG;
				SWIFT_OPTIMIZATION_LEVEL = "-Onone";
			};
			name = Debug;
		};
		01F9146E1E613141001BA236 /* Release */ = {
			isa = XCBuildConfiguration;
			buildSettings = {
				ALWAYS_SEARCH_USER_PATHS = NO;
				CLANG_ANALYZER_NONNULL = YES;
				CLANG_CXX_LANGUAGE_STANDARD = "gnu++0x";
				CLANG_CXX_LIBRARY = "libc++";
				CLANG_ENABLE_MODULES = YES;
				CLANG_ENABLE_OBJC_ARC = YES;
				CLANG_WARN_BOOL_CONVERSION = YES;
				CLANG_WARN_CONSTANT_CONVERSION = YES;
				CLANG_WARN_DIRECT_OBJC_ISA_USAGE = YES_ERROR;
				CLANG_WARN_DOCUMENTATION_COMMENTS = YES;
				CLANG_WARN_EMPTY_BODY = YES;
				CLANG_WARN_ENUM_CONVERSION = YES;
				CLANG_WARN_INFINITE_RECURSION = YES;
				CLANG_WARN_INT_CONVERSION = YES;
				CLANG_WARN_OBJC_ROOT_CLASS = YES_ERROR;
				CLANG_WARN_SUSPICIOUS_MOVE = YES;
				CLANG_WARN_UNREACHABLE_CODE = YES;
				CLANG_WARN__DUPLICATE_METHOD_MATCH = YES;
				"CODE_SIGN_IDENTITY[sdk=iphoneos*]" = "iPhone Developer";
				COPY_PHASE_STRIP = NO;
				DEBUG_INFORMATION_FORMAT = "dwarf-with-dsym";
				ENABLE_NS_ASSERTIONS = NO;
				ENABLE_STRICT_OBJC_MSGSEND = YES;
				GCC_C_LANGUAGE_STANDARD = gnu99;
				GCC_NO_COMMON_BLOCKS = YES;
				GCC_WARN_64_TO_32_BIT_CONVERSION = YES;
				GCC_WARN_ABOUT_RETURN_TYPE = YES_ERROR;
				GCC_WARN_UNDECLARED_SELECTOR = YES;
				GCC_WARN_UNINITIALIZED_AUTOS = YES_AGGRESSIVE;
				GCC_WARN_UNUSED_FUNCTION = YES;
				GCC_WARN_UNUSED_VARIABLE = YES;
				IPHONEOS_DEPLOYMENT_TARGET = 10.2;
				MTL_ENABLE_DEBUG_INFO = NO;
				SDKROOT = iphoneos;
				SWIFT_OPTIMIZATION_LEVEL = "-Owholemodule";
				VALIDATE_PRODUCT = YES;
			};
			name = Release;
		};
		01F914701E613141001BA236 /* Debug */ = {
			isa = XCBuildConfiguration;
			baseConfigurationReference = 5B545ED6FC361731C05B54B9 /* Pods-ListenLive.debug.xcconfig */;
			buildSettings = {
				ALWAYS_EMBED_SWIFT_STANDARD_LIBRARIES = YES;
				ASSETCATALOG_COMPILER_APPICON_NAME = AppIcon;
				DEVELOPMENT_TEAM = 44VHEK9HHH;
				INFOPLIST_FILE = ListenLive/Info.plist;
				IPHONEOS_DEPLOYMENT_TARGET = 8.0;
				LD_RUNPATH_SEARCH_PATHS = "$(inherited) @executable_path/Frameworks";
				PRODUCT_BUNDLE_IDENTIFIER = "com.nicholas-swift.ListenLive";
				PRODUCT_NAME = "$(TARGET_NAME)";
				SWIFT_VERSION = 3.0;
			};
			name = Debug;
		};
		01F914711E613141001BA236 /* Release */ = {
			isa = XCBuildConfiguration;
			baseConfigurationReference = E77F0675EBAEBB83E6367EE3 /* Pods-ListenLive.release.xcconfig */;
			buildSettings = {
				ALWAYS_EMBED_SWIFT_STANDARD_LIBRARIES = YES;
				ASSETCATALOG_COMPILER_APPICON_NAME = AppIcon;
				DEVELOPMENT_TEAM = 44VHEK9HHH;
				INFOPLIST_FILE = ListenLive/Info.plist;
				IPHONEOS_DEPLOYMENT_TARGET = 8.0;
				LD_RUNPATH_SEARCH_PATHS = "$(inherited) @executable_path/Frameworks";
				PRODUCT_BUNDLE_IDENTIFIER = "com.nicholas-swift.ListenLive";
				PRODUCT_NAME = "$(TARGET_NAME)";
				SWIFT_VERSION = 3.0;
			};
			name = Release;
		};
/* End XCBuildConfiguration section */

/* Begin XCConfigurationList section */
		01F914581E613141001BA236 /* Build configuration list for PBXProject "ListenLive" */ = {
			isa = XCConfigurationList;
			buildConfigurations = (
				01F9146D1E613141001BA236 /* Debug */,
				01F9146E1E613141001BA236 /* Release */,
			);
			defaultConfigurationIsVisible = 0;
			defaultConfigurationName = Release;
		};
		01F9146F1E613141001BA236 /* Build configuration list for PBXNativeTarget "ListenLive" */ = {
			isa = XCConfigurationList;
			buildConfigurations = (
				01F914701E613141001BA236 /* Debug */,
				01F914711E613141001BA236 /* Release */,
			);
			defaultConfigurationIsVisible = 0;
			defaultConfigurationName = Release;
		};
/* End XCConfigurationList section */
	};
	rootObject = 01F914551E613141001BA236 /* Project object */;
}
